
Microsoft Visual Studio Solution File, Format Version 12.00
# Visual Studio Version 16
VisualStudioVersion = 16.0.31624.102
MinimumVisualStudioVersion = 10.0.40219.1
Project("{FAE04EC0-301F-11D3-BF4B-00C04F79EFBC}") = "game1", "game1.csproj", "{03315CB0-403A-43BE-B6A3-680F479B5EA8}"
EndProject
Global
	GlobalSection(SolutionConfigurationPlatforms) = preSolution
		Debug|Any CPU = Debug|Any CPU
		Release|Any CPU = Release|Any CPU
	EndGlobalSection
	GlobalSection(ProjectConfigurationPlatforms) = postSolution
		{03315CB0-403A-43BE-B6A3-680F479B5EA8}.Debug|Any CPU.ActiveCfg = Debug|Any CPU
		{03315CB0-403A-43BE-B6A3-680F479B5EA8}.Debug|Any CPU.Build.0 = Debug|Any CPU
		{03315CB0-403A-43BE-B6A3-680F479B5EA8}.Release|Any CPU.ActiveCfg = Release|Any CPU
		{03315CB0-403A-43BE-B6A3-680F479B5EA8}.Release|Any CPU.Build.0 = Release|Any CPU
	EndGlobalSection
	GlobalSection(SolutionProperties) = preSolution
		HideSolutionNode = FALSE
	EndGlobalSection
	GlobalSection(ExtensibilityGlobals) = postSolution
		SolutionGuid = {8FB55900-997A-43AE-9028-281A83C819F9}
	EndGlobalSection
EndGlobal
